// !$*UTF8*$!
{
	archiveVersion = 1;
	classes = {
	};
	objectVersion = 51;
	objects = {

/* Begin PBXBuildFile section */
		052C0DDC26E503D000B2BF8E /* LocationManger.swift in Sources */ = {isa = PBXBuildFile; fileRef = 052C0DDB26E503D000B2BF8E /* LocationManger.swift */; };
		0574D84D26E38F8D009CE02A /* DayCell.swift in Sources */ = {isa = PBXBuildFile; fileRef = 0574D84B26E38F8D009CE02A /* DayCell.swift */; };
		0574D84E26E38F8D009CE02A /* DayCell.xib in Resources */ = {isa = PBXBuildFile; fileRef = 0574D84C26E38F8D009CE02A /* DayCell.xib */; };
		0574D85426E3AFFB009CE02A /* SearchViewController.swift in Sources */ = {isa = PBXBuildFile; fileRef = 0574D85326E3AFFB009CE02A /* SearchViewController.swift */; };
		0574D85826E3BE53009CE02A /* SearchPresenter.swift in Sources */ = {isa = PBXBuildFile; fileRef = 0574D85726E3BE53009CE02A /* SearchPresenter.swift */; };
		0574D86626E3F6C6009CE02A /* SearchNavigationRoutes.swift in Sources */ = {isa = PBXBuildFile; fileRef = 0574D86526E3F6C6009CE02A /* SearchNavigationRoutes.swift */; };
		0574D86926E3FA4F009CE02A /* SearchRouter.swift in Sources */ = {isa = PBXBuildFile; fileRef = 0574D86826E3FA4F009CE02A /* SearchRouter.swift */; };
		0599A05F26DFF8480006E48B /* AppDelegate.swift in Sources */ = {isa = PBXBuildFile; fileRef = 0599A05E26DFF8480006E48B /* AppDelegate.swift */; };
		0599A06126DFF8480006E48B /* SceneDelegate.swift in Sources */ = {isa = PBXBuildFile; fileRef = 0599A06026DFF8480006E48B /* SceneDelegate.swift */; };
		0599A06326DFF8480006E48B /* HomeViewController.swift in Sources */ = {isa = PBXBuildFile; fileRef = 0599A06226DFF8480006E48B /* HomeViewController.swift */; };
		0599A06626DFF8480006E48B /* Main.storyboard in Resources */ = {isa = PBXBuildFile; fileRef = 0599A06426DFF8480006E48B /* Main.storyboard */; };
		0599A06926DFF8480006E48B /* WeatherTask_GizaSys.xcdatamodeld in Sources */ = {isa = PBXBuildFile; fileRef = 0599A06726DFF8480006E48B /* WeatherTask_GizaSys.xcdatamodeld */; };
		0599A06B26DFF8490006E48B /* Assets.xcassets in Resources */ = {isa = PBXBuildFile; fileRef = 0599A06A26DFF8490006E48B /* Assets.xcassets */; };
		0599A06E26DFF8490006E48B /* LaunchScreen.storyboard in Resources */ = {isa = PBXBuildFile; fileRef = 0599A06C26DFF8490006E48B /* LaunchScreen.storyboard */; };
		05AEAC4626E2B5BF00CB282A /* Route.swift in Sources */ = {isa = PBXBuildFile; fileRef = 05AEAC4526E2B5BF00CB282A /* Route.swift */; };
		05AEAC4926E2B68B00CB282A /* UIViewController+Extension.swift in Sources */ = {isa = PBXBuildFile; fileRef = 05AEAC4826E2B68B00CB282A /* UIViewController+Extension.swift */; };
		05AEAC4C26E2B81A00CB282A /* HomeNavigationRoutes.swift in Sources */ = {isa = PBXBuildFile; fileRef = 05AEAC4B26E2B81A00CB282A /* HomeNavigationRoutes.swift */; };
		05B525F026E0FC53001385C4 /* HomeInteractor.swift in Sources */ = {isa = PBXBuildFile; fileRef = 05B525EF26E0FC53001385C4 /* HomeInteractor.swift */; };
		05B525F626E0FDA1001385C4 /* HomePresenter.swift in Sources */ = {isa = PBXBuildFile; fileRef = 05B525F526E0FDA1001385C4 /* HomePresenter.swift */; };
		05B525FA26E1018C001385C4 /* HomeRouter.swift in Sources */ = {isa = PBXBuildFile; fileRef = 05B525F926E1018C001385C4 /* HomeRouter.swift */; };
		05B968D826E0CFDF00D776E0 /* CityRequest.swift in Sources */ = {isa = PBXBuildFile; fileRef = 05B968D726E0CFDF00D776E0 /* CityRequest.swift */; };
		05B968DC26E0D02F00D776E0 /* CityDayWeather.swift in Sources */ = {isa = PBXBuildFile; fileRef = 05B968DB26E0D02F00D776E0 /* CityDayWeather.swift */; };
		05B968DF26E0D45A00D776E0 /* CityRouter.swift in Sources */ = {isa = PBXBuildFile; fileRef = 05B968DE26E0D45A00D776E0 /* CityRouter.swift */; };
		05B968EB26E0E7B400D776E0 /* CityCell.swift in Sources */ = {isa = PBXBuildFile; fileRef = 05B968E926E0E7B400D776E0 /* CityCell.swift */; };
		05B968EC26E0E7B400D776E0 /* CityCell.xib in Resources */ = {isa = PBXBuildFile; fileRef = 05B968EA26E0E7B400D776E0 /* CityCell.xib */; };
		05D31F5526E825710052B59B /* WeatherTask_GizaSysTests.swift in Sources */ = {isa = PBXBuildFile; fileRef = 05D31F5426E825710052B59B /* WeatherTask_GizaSysTests.swift */; };
		05D31F5F26E826090052B59B /* HomePresenterTests.swift in Sources */ = {isa = PBXBuildFile; fileRef = 05D31F5E26E826090052B59B /* HomePresenterTests.swift */; };
		05D31F6326E826310052B59B /* HomeRouterTests.swift in Sources */ = {isa = PBXBuildFile; fileRef = 05D31F6226E826310052B59B /* HomeRouterTests.swift */; };
		05D31F6726E8264D0052B59B /* HomeInteractorTests.swift in Sources */ = {isa = PBXBuildFile; fileRef = 05D31F6626E8264D0052B59B /* HomeInteractorTests.swift */; };
		05D31F6D26E826B60052B59B /* SearchPresenterTests.swift in Sources */ = {isa = PBXBuildFile; fileRef = 05D31F6C26E826B60052B59B /* SearchPresenterTests.swift */; };
		05D31F7326E826C90052B59B /* SearchInteractorTests.swift in Sources */ = {isa = PBXBuildFile; fileRef = 05D31F7226E826C90052B59B /* SearchInteractorTests.swift */; };
		05D31F7726E826DE0052B59B /* SearchRouterTests.swift in Sources */ = {isa = PBXBuildFile; fileRef = 05D31F7626E826DE0052B59B /* SearchRouterTests.swift */; };
		05D31F7C26E827030052B59B /* DetailsPresenterTests.swift in Sources */ = {isa = PBXBuildFile; fileRef = 05D31F7B26E827030052B59B /* DetailsPresenterTests.swift */; };
		05D31F8226E8271E0052B59B /* DetailsInteractorTests.swift in Sources */ = {isa = PBXBuildFile; fileRef = 05D31F8126E8271E0052B59B /* DetailsInteractorTests.swift */; };
		05ED678426E5EA5700D0C8F9 /* CityWeekWeatherContainer.swift in Sources */ = {isa = PBXBuildFile; fileRef = 05ED678326E5EA5700D0C8F9 /* CityWeekWeatherContainer.swift */; };
		05ED678826E62ACE00D0C8F9 /* dataStore.swift in Sources */ = {isa = PBXBuildFile; fileRef = 05ED678726E62ACE00D0C8F9 /* dataStore.swift */; };
		05ED678B26E62AFC00D0C8F9 /* cuDataStore.swift in Sources */ = {isa = PBXBuildFile; fileRef = 05ED678A26E62AFC00D0C8F9 /* cuDataStore.swift */; };
		05ED750426E26B4900281A7A /* DetailsViewController.swift in Sources */ = {isa = PBXBuildFile; fileRef = 05ED750326E26B4900281A7A /* DetailsViewController.swift */; };
		05ED750E26E2745E00281A7A /* DetailPresenter.swift in Sources */ = {isa = PBXBuildFile; fileRef = 05ED750D26E2745E00281A7A /* DetailPresenter.swift */; };
		05ED751226E2756200281A7A /* DetailsInteractor.swift in Sources */ = {isa = PBXBuildFile; fileRef = 05ED751126E2756200281A7A /* DetailsInteractor.swift */; };
		05ED751526E2759700281A7A /* DetailsRouter.swift in Sources */ = {isa = PBXBuildFile; fileRef = 05ED751426E2759700281A7A /* DetailsRouter.swift */; };
		05F510C126E7D1F00073585D /* UITableView+Extension.swift in Sources */ = {isa = PBXBuildFile; fileRef = 05F510C026E7D1F00073585D /* UITableView+Extension.swift */; };
		05F510C626E7D5190073585D /* SearchTableViewCell.swift in Sources */ = {isa = PBXBuildFile; fileRef = 05F510C426E7D5190073585D /* SearchTableViewCell.swift */; };
		05F510C726E7D5190073585D /* SearchTableViewCell.xib in Resources */ = {isa = PBXBuildFile; fileRef = 05F510C526E7D5190073585D /* SearchTableViewCell.xib */; };
		5E05FBCE0FFCD36859818820 /* Pods_WeatherTask_GizaSys.framework in Frameworks */ = {isa = PBXBuildFile; fileRef = E0929CF7406E3F919F12ADA5 /* Pods_WeatherTask_GizaSys.framework */; };
/* End PBXBuildFile section */

/* Begin PBXContainerItemProxy section */
		05D31F5726E825710052B59B /* PBXContainerItemProxy */ = {
			isa = PBXContainerItemProxy;
			containerPortal = 0599A05326DFF8480006E48B /* Project object */;
			proxyType = 1;
			remoteGlobalIDString = 0599A05A26DFF8480006E48B;
			remoteInfo = WeatherTask_GizaSys;
		};
/* End PBXContainerItemProxy section */

/* Begin PBXFileReference section */
		052C0DDB26E503D000B2BF8E /* LocationManger.swift */ = {isa = PBXFileReference; lastKnownFileType = sourcecode.swift; path = LocationManger.swift; sourceTree = "<group>"; };
		0574D84B26E38F8D009CE02A /* DayCell.swift */ = {isa = PBXFileReference; lastKnownFileType = sourcecode.swift; path = DayCell.swift; sourceTree = "<group>"; };
		0574D84C26E38F8D009CE02A /* DayCell.xib */ = {isa = PBXFileReference; lastKnownFileType = file.xib; path = DayCell.xib; sourceTree = "<group>"; };
		0574D85326E3AFFB009CE02A /* SearchViewController.swift */ = {isa = PBXFileReference; lastKnownFileType = sourcecode.swift; path = SearchViewController.swift; sourceTree = "<group>"; };
		0574D85726E3BE53009CE02A /* SearchPresenter.swift */ = {isa = PBXFileReference; lastKnownFileType = sourcecode.swift; path = SearchPresenter.swift; sourceTree = "<group>"; };
		0574D86526E3F6C6009CE02A /* SearchNavigationRoutes.swift */ = {isa = PBXFileReference; lastKnownFileType = sourcecode.swift; path = SearchNavigationRoutes.swift; sourceTree = "<group>"; };
		0574D86826E3FA4F009CE02A /* SearchRouter.swift */ = {isa = PBXFileReference; lastKnownFileType = sourcecode.swift; path = SearchRouter.swift; sourceTree = "<group>"; };
		0599A05B26DFF8480006E48B /* WeatherTask_GizaSys.app */ = {isa = PBXFileReference; explicitFileType = wrapper.application; includeInIndex = 0; path = WeatherTask_GizaSys.app; sourceTree = BUILT_PRODUCTS_DIR; };
		0599A05E26DFF8480006E48B /* AppDelegate.swift */ = {isa = PBXFileReference; lastKnownFileType = sourcecode.swift; path = AppDelegate.swift; sourceTree = "<group>"; };
		0599A06026DFF8480006E48B /* SceneDelegate.swift */ = {isa = PBXFileReference; lastKnownFileType = sourcecode.swift; path = SceneDelegate.swift; sourceTree = "<group>"; };
		0599A06226DFF8480006E48B /* HomeViewController.swift */ = {isa = PBXFileReference; lastKnownFileType = sourcecode.swift; path = HomeViewController.swift; sourceTree = "<group>"; };
		0599A06526DFF8480006E48B /* Base */ = {isa = PBXFileReference; lastKnownFileType = file.storyboard; name = Base; path = Base.lproj/Main.storyboard; sourceTree = "<group>"; };
		0599A06826DFF8480006E48B /* WeatherTask_GizaSys.xcdatamodel */ = {isa = PBXFileReference; lastKnownFileType = wrapper.xcdatamodel; path = WeatherTask_GizaSys.xcdatamodel; sourceTree = "<group>"; };
		0599A06A26DFF8490006E48B /* Assets.xcassets */ = {isa = PBXFileReference; lastKnownFileType = folder.assetcatalog; path = Assets.xcassets; sourceTree = "<group>"; };
		0599A06D26DFF8490006E48B /* Base */ = {isa = PBXFileReference; lastKnownFileType = file.storyboard; name = Base; path = Base.lproj/LaunchScreen.storyboard; sourceTree = "<group>"; };
		0599A06F26DFF8490006E48B /* Info.plist */ = {isa = PBXFileReference; lastKnownFileType = text.plist.xml; path = Info.plist; sourceTree = "<group>"; };
		05AEAC4526E2B5BF00CB282A /* Route.swift */ = {isa = PBXFileReference; lastKnownFileType = sourcecode.swift; path = Route.swift; sourceTree = "<group>"; };
		05AEAC4826E2B68B00CB282A /* UIViewController+Extension.swift */ = {isa = PBXFileReference; lastKnownFileType = sourcecode.swift; path = "UIViewController+Extension.swift"; sourceTree = "<group>"; };
		05AEAC4B26E2B81A00CB282A /* HomeNavigationRoutes.swift */ = {isa = PBXFileReference; lastKnownFileType = sourcecode.swift; path = HomeNavigationRoutes.swift; sourceTree = "<group>"; };
		05B525EF26E0FC53001385C4 /* HomeInteractor.swift */ = {isa = PBXFileReference; lastKnownFileType = sourcecode.swift; path = HomeInteractor.swift; sourceTree = "<group>"; };
		05B525F526E0FDA1001385C4 /* HomePresenter.swift */ = {isa = PBXFileReference; lastKnownFileType = sourcecode.swift; path = HomePresenter.swift; sourceTree = "<group>"; };
		05B525F926E1018C001385C4 /* HomeRouter.swift */ = {isa = PBXFileReference; lastKnownFileType = sourcecode.swift; path = HomeRouter.swift; sourceTree = "<group>"; };
		05B968D726E0CFDF00D776E0 /* CityRequest.swift */ = {isa = PBXFileReference; lastKnownFileType = sourcecode.swift; path = CityRequest.swift; sourceTree = "<group>"; };
		05B968DB26E0D02F00D776E0 /* CityDayWeather.swift */ = {isa = PBXFileReference; lastKnownFileType = sourcecode.swift; path = CityDayWeather.swift; sourceTree = "<group>"; };
		05B968DE26E0D45A00D776E0 /* CityRouter.swift */ = {isa = PBXFileReference; lastKnownFileType = sourcecode.swift; path = CityRouter.swift; sourceTree = "<group>"; };
		05B968E926E0E7B400D776E0 /* CityCell.swift */ = {isa = PBXFileReference; lastKnownFileType = sourcecode.swift; path = CityCell.swift; sourceTree = "<group>"; };
		05B968EA26E0E7B400D776E0 /* CityCell.xib */ = {isa = PBXFileReference; lastKnownFileType = file.xib; path = CityCell.xib; sourceTree = "<group>"; };
		05D31F5226E825710052B59B /* WeatherTask_GizaSysTests.xctest */ = {isa = PBXFileReference; explicitFileType = wrapper.cfbundle; includeInIndex = 0; path = WeatherTask_GizaSysTests.xctest; sourceTree = BUILT_PRODUCTS_DIR; };
		05D31F5426E825710052B59B /* WeatherTask_GizaSysTests.swift */ = {isa = PBXFileReference; lastKnownFileType = sourcecode.swift; path = WeatherTask_GizaSysTests.swift; sourceTree = "<group>"; };
		05D31F5626E825710052B59B /* Info.plist */ = {isa = PBXFileReference; lastKnownFileType = text.plist.xml; path = Info.plist; sourceTree = "<group>"; };
		05D31F5E26E826090052B59B /* HomePresenterTests.swift */ = {isa = PBXFileReference; lastKnownFileType = sourcecode.swift; path = HomePresenterTests.swift; sourceTree = "<group>"; };
		05D31F6226E826310052B59B /* HomeRouterTests.swift */ = {isa = PBXFileReference; lastKnownFileType = sourcecode.swift; path = HomeRouterTests.swift; sourceTree = "<group>"; };
		05D31F6626E8264D0052B59B /* HomeInteractorTests.swift */ = {isa = PBXFileReference; lastKnownFileType = sourcecode.swift; path = HomeInteractorTests.swift; sourceTree = "<group>"; };
		05D31F6C26E826B60052B59B /* SearchPresenterTests.swift */ = {isa = PBXFileReference; lastKnownFileType = sourcecode.swift; path = SearchPresenterTests.swift; sourceTree = "<group>"; };
		05D31F7226E826C90052B59B /* SearchInteractorTests.swift */ = {isa = PBXFileReference; lastKnownFileType = sourcecode.swift; path = SearchInteractorTests.swift; sourceTree = "<group>"; };
		05D31F7626E826DE0052B59B /* SearchRouterTests.swift */ = {isa = PBXFileReference; lastKnownFileType = sourcecode.swift; path = SearchRouterTests.swift; sourceTree = "<group>"; };
		05D31F7B26E827030052B59B /* DetailsPresenterTests.swift */ = {isa = PBXFileReference; lastKnownFileType = sourcecode.swift; path = DetailsPresenterTests.swift; sourceTree = "<group>"; };
		05D31F8126E8271E0052B59B /* DetailsInteractorTests.swift */ = {isa = PBXFileReference; lastKnownFileType = sourcecode.swift; path = DetailsInteractorTests.swift; sourceTree = "<group>"; };
		05ED678326E5EA5700D0C8F9 /* CityWeekWeatherContainer.swift */ = {isa = PBXFileReference; lastKnownFileType = sourcecode.swift; path = CityWeekWeatherContainer.swift; sourceTree = "<group>"; };
		05ED678726E62ACE00D0C8F9 /* dataStore.swift */ = {isa = PBXFileReference; lastKnownFileType = sourcecode.swift; path = dataStore.swift; sourceTree = "<group>"; };
		05ED678A26E62AFC00D0C8F9 /* cuDataStore.swift */ = {isa = PBXFileReference; lastKnownFileType = sourcecode.swift; path = cuDataStore.swift; sourceTree = "<group>"; };
		05ED750326E26B4900281A7A /* DetailsViewController.swift */ = {isa = PBXFileReference; lastKnownFileType = sourcecode.swift; path = DetailsViewController.swift; sourceTree = "<group>"; };
		05ED750D26E2745E00281A7A /* DetailPresenter.swift */ = {isa = PBXFileReference; lastKnownFileType = sourcecode.swift; path = DetailPresenter.swift; sourceTree = "<group>"; };
		05ED751126E2756200281A7A /* DetailsInteractor.swift */ = {isa = PBXFileReference; lastKnownFileType = sourcecode.swift; path = DetailsInteractor.swift; sourceTree = "<group>"; };
		05ED751426E2759700281A7A /* DetailsRouter.swift */ = {isa = PBXFileReference; lastKnownFileType = sourcecode.swift; path = DetailsRouter.swift; sourceTree = "<group>"; };
		05F510C026E7D1F00073585D /* UITableView+Extension.swift */ = {isa = PBXFileReference; lastKnownFileType = sourcecode.swift; path = "UITableView+Extension.swift"; sourceTree = "<group>"; };
		05F510C426E7D5190073585D /* SearchTableViewCell.swift */ = {isa = PBXFileReference; lastKnownFileType = sourcecode.swift; path = SearchTableViewCell.swift; sourceTree = "<group>"; };
		05F510C526E7D5190073585D /* SearchTableViewCell.xib */ = {isa = PBXFileReference; lastKnownFileType = file.xib; path = SearchTableViewCell.xib; sourceTree = "<group>"; };
		35FB4BEE46BB57DBD41CA971 /* Pods-WeatherTask_GizaSys.debug.xcconfig */ = {isa = PBXFileReference; includeInIndex = 1; lastKnownFileType = text.xcconfig; name = "Pods-WeatherTask_GizaSys.debug.xcconfig"; path = "Target Support Files/Pods-WeatherTask_GizaSys/Pods-WeatherTask_GizaSys.debug.xcconfig"; sourceTree = "<group>"; };
		6A4690898B65BA8BAAAC63F4 /* Pods-WeatherTask_GizaSys.release.xcconfig */ = {isa = PBXFileReference; includeInIndex = 1; lastKnownFileType = text.xcconfig; name = "Pods-WeatherTask_GizaSys.release.xcconfig"; path = "Target Support Files/Pods-WeatherTask_GizaSys/Pods-WeatherTask_GizaSys.release.xcconfig"; sourceTree = "<group>"; };
		E0929CF7406E3F919F12ADA5 /* Pods_WeatherTask_GizaSys.framework */ = {isa = PBXFileReference; explicitFileType = wrapper.framework; includeInIndex = 0; path = Pods_WeatherTask_GizaSys.framework; sourceTree = BUILT_PRODUCTS_DIR; };
/* End PBXFileReference section */

/* Begin PBXFrameworksBuildPhase section */
		0599A05826DFF8480006E48B /* Frameworks */ = {
			isa = PBXFrameworksBuildPhase;
			buildActionMask = 2147483647;
			files = (
				5E05FBCE0FFCD36859818820 /* Pods_WeatherTask_GizaSys.framework in Frameworks */,
			);
			runOnlyForDeploymentPostprocessing = 0;
		};
		05D31F4F26E825710052B59B /* Frameworks */ = {
			isa = PBXFrameworksBuildPhase;
			buildActionMask = 2147483647;
			files = (
			);
			runOnlyForDeploymentPostprocessing = 0;
		};
/* End PBXFrameworksBuildPhase section */

/* Begin PBXGroup section */
		0574D85226E3AFB4009CE02A /* Search */ = {
			isa = PBXGroup;
			children = (
				0574D86126E3DF77009CE02A /* SearchBarTableViewCells */,
				0574D85326E3AFFB009CE02A /* SearchViewController.swift */,
				0574D85726E3BE53009CE02A /* SearchPresenter.swift */,
				0574D86526E3F6C6009CE02A /* SearchNavigationRoutes.swift */,
				0574D86826E3FA4F009CE02A /* SearchRouter.swift */,
			);
			path = Search;
			sourceTree = "<group>";
		};
		0574D86126E3DF77009CE02A /* SearchBarTableViewCells */ = {
			isa = PBXGroup;
			children = (
				05F510C426E7D5190073585D /* SearchTableViewCell.swift */,
				05F510C526E7D5190073585D /* SearchTableViewCell.xib */,
			);
			path = SearchBarTableViewCells;
			sourceTree = "<group>";
		};
		0599A05226DFF8480006E48B = {
			isa = PBXGroup;
			children = (
				0599A05D26DFF8480006E48B /* WeatherTask_GizaSys */,
				05D31F5326E825710052B59B /* WeatherTask_GizaSysTests */,
				0599A05C26DFF8480006E48B /* Products */,
				CE8B2C3144E3D1179157CE8A /* Pods */,
				CFE2E58ED61CF5B3F64C2073 /* Frameworks */,
			);
			sourceTree = "<group>";
		};
		0599A05C26DFF8480006E48B /* Products */ = {
			isa = PBXGroup;
			children = (
				0599A05B26DFF8480006E48B /* WeatherTask_GizaSys.app */,
				05D31F5226E825710052B59B /* WeatherTask_GizaSysTests.xctest */,
			);
			name = Products;
			sourceTree = "<group>";
		};
		0599A05D26DFF8480006E48B /* WeatherTask_GizaSys */ = {
			isa = PBXGroup;
			children = (
				05AEAC4326E2B4E900CB282A /* Components */,
				05B968E226E0E54600D776E0 /* Scenes */,
				0599A07A26DFFA990006E48B /* Gateaway */,
				0599A05E26DFF8480006E48B /* AppDelegate.swift */,
				0599A06026DFF8480006E48B /* SceneDelegate.swift */,
				0599A06A26DFF8490006E48B /* Assets.xcassets */,
				0599A06C26DFF8490006E48B /* LaunchScreen.storyboard */,
				0599A06F26DFF8490006E48B /* Info.plist */,
				0599A06726DFF8480006E48B /* WeatherTask_GizaSys.xcdatamodeld */,
			);
			path = WeatherTask_GizaSys;
			sourceTree = "<group>";
		};
		0599A07A26DFFA990006E48B /* Gateaway */ = {
			isa = PBXGroup;
			children = (
				05B968DA26E0D01700D776E0 /* Models */,
				05B968D726E0CFDF00D776E0 /* CityRequest.swift */,
				05B968DE26E0D45A00D776E0 /* CityRouter.swift */,
				052C0DDB26E503D000B2BF8E /* LocationManger.swift */,
				05ED678726E62ACE00D0C8F9 /* dataStore.swift */,
				05ED678A26E62AFC00D0C8F9 /* cuDataStore.swift */,
			);
			path = Gateaway;
			sourceTree = "<group>";
		};
		05AEAC4326E2B4E900CB282A /* Components */ = {
			isa = PBXGroup;
			children = (
				05F510BF26E7D1CF0073585D /* TableView */,
				05AEAC4426E2B4F800CB282A /* NavigationRoute */,
			);
			path = Components;
			sourceTree = "<group>";
		};
		05AEAC4426E2B4F800CB282A /* NavigationRoute */ = {
			isa = PBXGroup;
			children = (
				05AEAC4526E2B5BF00CB282A /* Route.swift */,
				05AEAC4826E2B68B00CB282A /* UIViewController+Extension.swift */,
			);
			path = NavigationRoute;
			sourceTree = "<group>";
		};
		05B968DA26E0D01700D776E0 /* Models */ = {
			isa = PBXGroup;
			children = (
				05B968DB26E0D02F00D776E0 /* CityDayWeather.swift */,
				05ED678326E5EA5700D0C8F9 /* CityWeekWeatherContainer.swift */,
			);
			path = Models;
			sourceTree = "<group>";
		};
		05B968E226E0E54600D776E0 /* Scenes */ = {
			isa = PBXGroup;
			children = (
				0599A06426DFF8480006E48B /* Main.storyboard */,
				05B968E326E0E54E00D776E0 /* Home */,
				0574D85226E3AFB4009CE02A /* Search */,
				05B968E426E0E55700D776E0 /* Details */,
			);
			path = Scenes;
			sourceTree = "<group>";
		};
		05B968E326E0E54E00D776E0 /* Home */ = {
			isa = PBXGroup;
			children = (
				05B968E726E0E76100D776E0 /* HomeTableViewCell */,
				0599A06226DFF8480006E48B /* HomeViewController.swift */,
				05B525F526E0FDA1001385C4 /* HomePresenter.swift */,
				05B525F926E1018C001385C4 /* HomeRouter.swift */,
				05B525EF26E0FC53001385C4 /* HomeInteractor.swift */,
				05AEAC4B26E2B81A00CB282A /* HomeNavigationRoutes.swift */,
			);
			path = Home;
			sourceTree = "<group>";
		};
		05B968E426E0E55700D776E0 /* Details */ = {
			isa = PBXGroup;
			children = (
				05ED750726E26FF100281A7A /* DetailsTableViewCell */,
				05ED750326E26B4900281A7A /* DetailsViewController.swift */,
				05ED750D26E2745E00281A7A /* DetailPresenter.swift */,
				05ED751126E2756200281A7A /* DetailsInteractor.swift */,
				05ED751426E2759700281A7A /* DetailsRouter.swift */,
			);
			path = Details;
			sourceTree = "<group>";
		};
		05B968E726E0E76100D776E0 /* HomeTableViewCell */ = {
			isa = PBXGroup;
			children = (
				05B968E926E0E7B400D776E0 /* CityCell.swift */,
				05B968EA26E0E7B400D776E0 /* CityCell.xib */,
			);
			path = HomeTableViewCell;
			sourceTree = "<group>";
		};
		05D31F5326E825710052B59B /* WeatherTask_GizaSysTests */ = {
			isa = PBXGroup;
			children = (
				05D31F7A26E826EA0052B59B /* DetailsSceneTests */,
				05D31F6B26E826790052B59B /* SearchSceneTests */,
				05D31F6A26E826550052B59B /* HomeSceneTests */,
				05D31F5626E825710052B59B /* Info.plist */,
			);
			path = WeatherTask_GizaSysTests;
			sourceTree = "<group>";
		};
		05D31F6A26E826550052B59B /* HomeSceneTests */ = {
			isa = PBXGroup;
			children = (
				05D31F5426E825710052B59B /* WeatherTask_GizaSysTests.swift */,
				05D31F5E26E826090052B59B /* HomePresenterTests.swift */,
				05D31F6226E826310052B59B /* HomeRouterTests.swift */,
				05D31F6626E8264D0052B59B /* HomeInteractorTests.swift */,
			);
			path = HomeSceneTests;
			sourceTree = "<group>";
		};
		05D31F6B26E826790052B59B /* SearchSceneTests */ = {
			isa = PBXGroup;
			children = (
				05D31F6C26E826B60052B59B /* SearchPresenterTests.swift */,
				05D31F7226E826C90052B59B /* SearchInteractorTests.swift */,
				05D31F7626E826DE0052B59B /* SearchRouterTests.swift */,
			);
			path = SearchSceneTests;
			sourceTree = "<group>";
		};
		05D31F7A26E826EA0052B59B /* DetailsSceneTests */ = {
			isa = PBXGroup;
			children = (
				05D31F7B26E827030052B59B /* DetailsPresenterTests.swift */,
				05D31F8126E8271E0052B59B /* DetailsInteractorTests.swift */,
			);
			path = DetailsSceneTests;
			sourceTree = "<group>";
		};
		05ED750726E26FF100281A7A /* DetailsTableViewCell */ = {
			isa = PBXGroup;
			children = (
				0574D84B26E38F8D009CE02A /* DayCell.swift */,
				0574D84C26E38F8D009CE02A /* DayCell.xib */,
			);
			path = DetailsTableViewCell;
			sourceTree = "<group>";
		};
		05F510BF26E7D1CF0073585D /* TableView */ = {
			isa = PBXGroup;
			children = (
				05F510C026E7D1F00073585D /* UITableView+Extension.swift */,
			);
			path = TableView;
			sourceTree = "<group>";
		};
		CE8B2C3144E3D1179157CE8A /* Pods */ = {
			isa = PBXGroup;
			children = (
				35FB4BEE46BB57DBD41CA971 /* Pods-WeatherTask_GizaSys.debug.xcconfig */,
				6A4690898B65BA8BAAAC63F4 /* Pods-WeatherTask_GizaSys.release.xcconfig */,
			);
			path = Pods;
			sourceTree = "<group>";
		};
		CFE2E58ED61CF5B3F64C2073 /* Frameworks */ = {
			isa = PBXGroup;
			children = (
				E0929CF7406E3F919F12ADA5 /* Pods_WeatherTask_GizaSys.framework */,
			);
			name = Frameworks;
			sourceTree = "<group>";
		};
/* End PBXGroup section */

/* Begin PBXNativeTarget section */
		0599A05A26DFF8480006E48B /* WeatherTask_GizaSys */ = {
			isa = PBXNativeTarget;
			buildConfigurationList = 0599A07226DFF8490006E48B /* Build configuration list for PBXNativeTarget "WeatherTask_GizaSys" */;
			buildPhases = (
				F92B0F08819553B059173B28 /* [CP] Check Pods Manifest.lock */,
				0599A05726DFF8480006E48B /* Sources */,
				0599A05826DFF8480006E48B /* Frameworks */,
				0599A05926DFF8480006E48B /* Resources */,
				D09FF85F1DB7EF51ADDDD3D2 /* [CP] Embed Pods Frameworks */,
			);
			buildRules = (
			);
			dependencies = (
			);
			name = WeatherTask_GizaSys;
			productName = WeatherTask_GizaSys;
			productReference = 0599A05B26DFF8480006E48B /* WeatherTask_GizaSys.app */;
			productType = "com.apple.product-type.application";
		};
		05D31F5126E825710052B59B /* WeatherTask_GizaSysTests */ = {
			isa = PBXNativeTarget;
			buildConfigurationList = 05D31F5B26E825710052B59B /* Build configuration list for PBXNativeTarget "WeatherTask_GizaSysTests" */;
			buildPhases = (
				05D31F4E26E825710052B59B /* Sources */,
				05D31F4F26E825710052B59B /* Frameworks */,
				05D31F5026E825710052B59B /* Resources */,
			);
			buildRules = (
			);
			dependencies = (
				05D31F5826E825710052B59B /* PBXTargetDependency */,
			);
			name = WeatherTask_GizaSysTests;
			productName = WeatherTask_GizaSysTests;
			productReference = 05D31F5226E825710052B59B /* WeatherTask_GizaSysTests.xctest */;
			productType = "com.apple.product-type.bundle.unit-test";
		};
/* End PBXNativeTarget section */

/* Begin PBXProject section */
		0599A05326DFF8480006E48B /* Project object */ = {
			isa = PBXProject;
			attributes = {
				LastSwiftUpdateCheck = 1220;
				LastUpgradeCheck = 1220;
				TargetAttributes = {
					0599A05A26DFF8480006E48B = {
						CreatedOnToolsVersion = 12.2;
					};
					05D31F5126E825710052B59B = {
						CreatedOnToolsVersion = 12.2;
						TestTargetID = 0599A05A26DFF8480006E48B;
					};
				};
			};
			buildConfigurationList = 0599A05626DFF8480006E48B /* Build configuration list for PBXProject "WeatherTask_GizaSys" */;
			compatibilityVersion = "Xcode 9.3";
			developmentRegion = en;
			hasScannedForEncodings = 0;
			knownRegions = (
				en,
				Base,
			);
			mainGroup = 0599A05226DFF8480006E48B;
			productRefGroup = 0599A05C26DFF8480006E48B /* Products */;
			projectDirPath = "";
			projectRoot = "";
			targets = (
				0599A05A26DFF8480006E48B /* WeatherTask_GizaSys */,
				05D31F5126E825710052B59B /* WeatherTask_GizaSysTests */,
			);
		};
/* End PBXProject section */

/* Begin PBXResourcesBuildPhase section */
		0599A05926DFF8480006E48B /* Resources */ = {
			isa = PBXResourcesBuildPhase;
			buildActionMask = 2147483647;
			files = (
				0599A06E26DFF8490006E48B /* LaunchScreen.storyboard in Resources */,
				0599A06B26DFF8490006E48B /* Assets.xcassets in Resources */,
				05B968EC26E0E7B400D776E0 /* CityCell.xib in Resources */,
				0574D84E26E38F8D009CE02A /* DayCell.xib in Resources */,
				0599A06626DFF8480006E48B /* Main.storyboard in Resources */,
				05F510C726E7D5190073585D /* SearchTableViewCell.xib in Resources */,
			);
			runOnlyForDeploymentPostprocessing = 0;
		};
		05D31F5026E825710052B59B /* Resources */ = {
			isa = PBXResourcesBuildPhase;
			buildActionMask = 2147483647;
			files = (
			);
			runOnlyForDeploymentPostprocessing = 0;
		};
/* End PBXResourcesBuildPhase section */

/* Begin PBXShellScriptBuildPhase section */
		D09FF85F1DB7EF51ADDDD3D2 /* [CP] Embed Pods Frameworks */ = {
			isa = PBXShellScriptBuildPhase;
			buildActionMask = 2147483647;
			files = (
			);
			inputFileListPaths = (
				"${PODS_ROOT}/Target Support Files/Pods-WeatherTask_GizaSys/Pods-WeatherTask_GizaSys-frameworks-${CONFIGURATION}-input-files.xcfilelist",
			);
			name = "[CP] Embed Pods Frameworks";
			outputFileListPaths = (
				"${PODS_ROOT}/Target Support Files/Pods-WeatherTask_GizaSys/Pods-WeatherTask_GizaSys-frameworks-${CONFIGURATION}-output-files.xcfilelist",
			);
			runOnlyForDeploymentPostprocessing = 0;
			shellPath = /bin/sh;
			shellScript = "\"${PODS_ROOT}/Target Support Files/Pods-WeatherTask_GizaSys/Pods-WeatherTask_GizaSys-frameworks.sh\"\n";
			showEnvVarsInLog = 0;
		};
		F92B0F08819553B059173B28 /* [CP] Check Pods Manifest.lock */ = {
			isa = PBXShellScriptBuildPhase;
			buildActionMask = 2147483647;
			files = (
			);
			inputFileListPaths = (
			);
			inputPaths = (
				"${PODS_PODFILE_DIR_PATH}/Podfile.lock",
				"${PODS_ROOT}/Manifest.lock",
			);
			name = "[CP] Check Pods Manifest.lock";
			outputFileListPaths = (
			);
			outputPaths = (
				"$(DERIVED_FILE_DIR)/Pods-WeatherTask_GizaSys-checkManifestLockResult.txt",
			);
			runOnlyForDeploymentPostprocessing = 0;
			shellPath = /bin/sh;
			shellScript = "diff \"${PODS_PODFILE_DIR_PATH}/Podfile.lock\" \"${PODS_ROOT}/Manifest.lock\" > /dev/null\nif [ $? != 0 ] ; then\n    # print error to STDERR\n    echo \"error: The sandbox is not in sync with the Podfile.lock. Run 'pod install' or update your CocoaPods installation.\" >&2\n    exit 1\nfi\n# This output is used by Xcode 'outputs' to avoid re-running this script phase.\necho \"SUCCESS\" > \"${SCRIPT_OUTPUT_FILE_0}\"\n";
			showEnvVarsInLog = 0;
		};
/* End PBXShellScriptBuildPhase section */

/* Begin PBXSourcesBuildPhase section */
		0599A05726DFF8480006E48B /* Sources */ = {
			isa = PBXSourcesBuildPhase;
			buildActionMask = 2147483647;
			files = (
				05AEAC4926E2B68B00CB282A /* UIViewController+Extension.swift in Sources */,
				0574D86626E3F6C6009CE02A /* SearchNavigationRoutes.swift in Sources */,
				0599A06926DFF8480006E48B /* WeatherTask_GizaSys.xcdatamodeld in Sources */,
				05B525FA26E1018C001385C4 /* HomeRouter.swift in Sources */,
				0599A06326DFF8480006E48B /* HomeViewController.swift in Sources */,
				05B968DC26E0D02F00D776E0 /* CityDayWeather.swift in Sources */,
				05B968D826E0CFDF00D776E0 /* CityRequest.swift in Sources */,
				05ED751526E2759700281A7A /* DetailsRouter.swift in Sources */,
				0599A05F26DFF8480006E48B /* AppDelegate.swift in Sources */,
				0599A06126DFF8480006E48B /* SceneDelegate.swift in Sources */,
				05F510C626E7D5190073585D /* SearchTableViewCell.swift in Sources */,
				05ED678826E62ACE00D0C8F9 /* dataStore.swift in Sources */,
				05AEAC4C26E2B81A00CB282A /* HomeNavigationRoutes.swift in Sources */,
				0574D85426E3AFFB009CE02A /* SearchViewController.swift in Sources */,
				0574D86926E3FA4F009CE02A /* SearchRouter.swift in Sources */,
				05ED678426E5EA5700D0C8F9 /* CityWeekWeatherContainer.swift in Sources */,
				05ED678B26E62AFC00D0C8F9 /* cuDataStore.swift in Sources */,
				05ED750E26E2745E00281A7A /* DetailPresenter.swift in Sources */,
				05AEAC4626E2B5BF00CB282A /* Route.swift in Sources */,
				05B525F026E0FC53001385C4 /* HomeInteractor.swift in Sources */,
				05F510C126E7D1F00073585D /* UITableView+Extension.swift in Sources */,
				05ED751226E2756200281A7A /* DetailsInteractor.swift in Sources */,
				05B968EB26E0E7B400D776E0 /* CityCell.swift in Sources */,
				0574D84D26E38F8D009CE02A /* DayCell.swift in Sources */,
				05B968DF26E0D45A00D776E0 /* CityRouter.swift in Sources */,
				05ED750426E26B4900281A7A /* DetailsViewController.swift in Sources */,
				05B525F626E0FDA1001385C4 /* HomePresenter.swift in Sources */,
				0574D85826E3BE53009CE02A /* SearchPresenter.swift in Sources */,
				052C0DDC26E503D000B2BF8E /* LocationManger.swift in Sources */,
			);
			runOnlyForDeploymentPostprocessing = 0;
		};
		05D31F4E26E825710052B59B /* Sources */ = {
			isa = PBXSourcesBuildPhase;
			buildActionMask = 2147483647;
			files = (
				05D31F5526E825710052B59B /* WeatherTask_GizaSysTests.swift in Sources */,
				05D31F6D26E826B60052B59B /* SearchPresenterTests.swift in Sources */,
				05D31F8226E8271E0052B59B /* DetailsInteractorTests.swift in Sources */,
				05D31F7326E826C90052B59B /* SearchInteractorTests.swift in Sources */,
				05D31F6326E826310052B59B /* HomeRouterTests.swift in Sources */,
				05D31F5F26E826090052B59B /* HomePresenterTests.swift in Sources */,
				05D31F6726E8264D0052B59B /* HomeInteractorTests.swift in Sources */,
				05D31F7726E826DE0052B59B /* SearchRouterTests.swift in Sources */,
				05D31F7C26E827030052B59B /* DetailsPresenterTests.swift in Sources */,
			);
			runOnlyForDeploymentPostprocessing = 0;
		};
/* End PBXSourcesBuildPhase section */

/* Begin PBXTargetDependency section */
		05D31F5826E825710052B59B /* PBXTargetDependency */ = {
			isa = PBXTargetDependency;
			target = 0599A05A26DFF8480006E48B /* WeatherTask_GizaSys */;
			targetProxy = 05D31F5726E825710052B59B /* PBXContainerItemProxy */;
		};
/* End PBXTargetDependency section */

/* Begin PBXVariantGroup section */
		0599A06426DFF8480006E48B /* Main.storyboard */ = {
			isa = PBXVariantGroup;
			children = (
				0599A06526DFF8480006E48B /* Base */,
			);
			name = Main.storyboard;
			sourceTree = "<group>";
		};
		0599A06C26DFF8490006E48B /* LaunchScreen.storyboard */ = {
			isa = PBXVariantGroup;
			children = (
				0599A06D26DFF8490006E48B /* Base */,
			);
			name = LaunchScreen.storyboard;
			sourceTree = "<group>";
		};
/* End PBXVariantGroup section */

/* Begin XCBuildConfiguration section */
		0599A07026DFF8490006E48B /* Debug */ = {
			isa = XCBuildConfiguration;
			buildSettings = {
				ALWAYS_SEARCH_USER_PATHS = NO;
				CLANG_ANALYZER_NONNULL = YES;
				CLANG_ANALYZER_NUMBER_OBJECT_CONVERSION = YES_AGGRESSIVE;
				CLANG_CXX_LANGUAGE_STANDARD = "gnu++14";
				CLANG_CXX_LIBRARY = "libc++";
				CLANG_ENABLE_MODULES = YES;
				CLANG_ENABLE_OBJC_ARC = YES;
				CLANG_ENABLE_OBJC_WEAK = YES;
				CLANG_WARN_BLOCK_CAPTURE_AUTORELEASING = YES;
				CLANG_WARN_BOOL_CONVERSION = YES;
				CLANG_WARN_COMMA = YES;
				CLANG_WARN_CONSTANT_CONVERSION = YES;
				CLANG_WARN_DEPRECATED_OBJC_IMPLEMENTATIONS = YES;
				CLANG_WARN_DIRECT_OBJC_ISA_USAGE = YES_ERROR;
				CLANG_WARN_DOCUMENTATION_COMMENTS = YES;
				CLANG_WARN_EMPTY_BODY = YES;
				CLANG_WARN_ENUM_CONVERSION = YES;
				CLANG_WARN_INFINITE_RECURSION = YES;
				CLANG_WARN_INT_CONVERSION = YES;
				CLANG_WARN_NON_LITERAL_NULL_CONVERSION = YES;
				CLANG_WARN_OBJC_IMPLICIT_RETAIN_SELF = YES;
				CLANG_WARN_OBJC_LITERAL_CONVERSION = YES;
				CLANG_WARN_OBJC_ROOT_CLASS = YES_ERROR;
				CLANG_WARN_QUOTED_INCLUDE_IN_FRAMEWORK_HEADER = YES;
				CLANG_WARN_RANGE_LOOP_ANALYSIS = YES;
				CLANG_WARN_STRICT_PROTOTYPES = YES;
				CLANG_WARN_SUSPICIOUS_MOVE = YES;
				CLANG_WARN_UNGUARDED_AVAILABILITY = YES_AGGRESSIVE;
				CLANG_WARN_UNREACHABLE_CODE = YES;
				CLANG_WARN__DUPLICATE_METHOD_MATCH = YES;
				COPY_PHASE_STRIP = NO;
				DEBUG_INFORMATION_FORMAT = dwarf;
				ENABLE_STRICT_OBJC_MSGSEND = YES;
				ENABLE_TESTABILITY = YES;
				GCC_C_LANGUAGE_STANDARD = gnu11;
				GCC_DYNAMIC_NO_PIC = NO;
				GCC_NO_COMMON_BLOCKS = YES;
				GCC_OPTIMIZATION_LEVEL = 0;
				GCC_PREPROCESSOR_DEFINITIONS = (
					"DEBUG=1",
					"$(inherited)",
				);
				GCC_WARN_64_TO_32_BIT_CONVERSION = YES;
				GCC_WARN_ABOUT_RETURN_TYPE = YES_ERROR;
				GCC_WARN_UNDECLARED_SELECTOR = YES;
				GCC_WARN_UNINITIALIZED_AUTOS = YES_AGGRESSIVE;
				GCC_WARN_UNUSED_FUNCTION = YES;
				GCC_WARN_UNUSED_VARIABLE = YES;
				IPHONEOS_DEPLOYMENT_TARGET = 14.2;
				MTL_ENABLE_DEBUG_INFO = INCLUDE_SOURCE;
				MTL_FAST_MATH = YES;
				ONLY_ACTIVE_ARCH = YES;
				SDKROOT = iphoneos;
				SWIFT_ACTIVE_COMPILATION_CONDITIONS = DEBUG;
				SWIFT_OPTIMIZATION_LEVEL = "-Onone";
			};
			name = Debug;
		};
		0599A07126DFF8490006E48B /* Release */ = {
			isa = XCBuildConfiguration;
			buildSettings = {
				ALWAYS_SEARCH_USER_PATHS = NO;
				CLANG_ANALYZER_NONNULL = YES;
				CLANG_ANALYZER_NUMBER_OBJECT_CONVERSION = YES_AGGRESSIVE;
				CLANG_CXX_LANGUAGE_STANDARD = "gnu++14";
				CLANG_CXX_LIBRARY = "libc++";
				CLANG_ENABLE_MODULES = YES;
				CLANG_ENABLE_OBJC_ARC = YES;
				CLANG_ENABLE_OBJC_WEAK = YES;
				CLANG_WARN_BLOCK_CAPTURE_AUTORELEASING = YES;
				CLANG_WARN_BOOL_CONVERSION = YES;
				CLANG_WARN_COMMA = YES;
				CLANG_WARN_CONSTANT_CONVERSION = YES;
				CLANG_WARN_DEPRECATED_OBJC_IMPLEMENTATIONS = YES;
				CLANG_WARN_DIRECT_OBJC_ISA_USAGE = YES_ERROR;
				CLANG_WARN_DOCUMENTATION_COMMENTS = YES;
				CLANG_WARN_EMPTY_BODY = YES;
				CLANG_WARN_ENUM_CONVERSION = YES;
				CLANG_WARN_INFINITE_RECURSION = YES;
				CLANG_WARN_INT_CONVERSION = YES;
				CLANG_WARN_NON_LITERAL_NULL_CONVERSION = YES;
				CLANG_WARN_OBJC_IMPLICIT_RETAIN_SELF = YES;
				CLANG_WARN_OBJC_LITERAL_CONVERSION = YES;
				CLANG_WARN_OBJC_ROOT_CLASS = YES_ERROR;
				CLANG_WARN_QUOTED_INCLUDE_IN_FRAMEWORK_HEADER = YES;
				CLANG_WARN_RANGE_LOOP_ANALYSIS = YES;
				CLANG_WARN_STRICT_PROTOTYPES = YES;
				CLANG_WARN_SUSPICIOUS_MOVE = YES;
				CLANG_WARN_UNGUARDED_AVAILABILITY = YES_AGGRESSIVE;
				CLANG_WARN_UNREACHABLE_CODE = YES;
				CLANG_WARN__DUPLICATE_METHOD_MATCH = YES;
				COPY_PHASE_STRIP = NO;
				DEBUG_INFORMATION_FORMAT = "dwarf-with-dsym";
				ENABLE_NS_ASSERTIONS = NO;
				ENABLE_STRICT_OBJC_MSGSEND = YES;
				GCC_C_LANGUAGE_STANDARD = gnu11;
				GCC_NO_COMMON_BLOCKS = YES;
				GCC_WARN_64_TO_32_BIT_CONVERSION = YES;
				GCC_WARN_ABOUT_RETURN_TYPE = YES_ERROR;
				GCC_WARN_UNDECLARED_SELECTOR = YES;
				GCC_WARN_UNINITIALIZED_AUTOS = YES_AGGRESSIVE;
				GCC_WARN_UNUSED_FUNCTION = YES;
				GCC_WARN_UNUSED_VARIABLE = YES;
				IPHONEOS_DEPLOYMENT_TARGET = 14.2;
				MTL_ENABLE_DEBUG_INFO = NO;
				MTL_FAST_MATH = YES;
				SDKROOT = iphoneos;
				SWIFT_COMPILATION_MODE = wholemodule;
				SWIFT_OPTIMIZATION_LEVEL = "-O";
				VALIDATE_PRODUCT = YES;
			};
			name = Release;
		};
		0599A07326DFF8490006E48B /* Debug */ = {
			isa = XCBuildConfiguration;
			baseConfigurationReference = 35FB4BEE46BB57DBD41CA971 /* Pods-WeatherTask_GizaSys.debug.xcconfig */;
			buildSettings = {
				ASSETCATALOG_COMPILER_APPICON_NAME = AppIcon;
				ASSETCATALOG_COMPILER_GLOBAL_ACCENT_COLOR_NAME = AccentColor;
				CODE_SIGN_STYLE = Automatic;
				INFOPLIST_FILE = WeatherTask_GizaSys/Info.plist;
				LD_RUNPATH_SEARCH_PATHS = (
					"$(inherited)",
					"@executable_path/Frameworks",
				);
				PRODUCT_BUNDLE_IDENTIFIER = "mosaber7.WeatherTask-GizaSys";
				PRODUCT_NAME = "$(TARGET_NAME)";
				SWIFT_VERSION = 5.0;
				TARGETED_DEVICE_FAMILY = "1,2";
			};
			name = Debug;
		};
		0599A07426DFF8490006E48B /* Release */ = {
			isa = XCBuildConfiguration;
			baseConfigurationReference = 6A4690898B65BA8BAAAC63F4 /* Pods-WeatherTask_GizaSys.release.xcconfig */;
			buildSettings = {
				ASSETCATALOG_COMPILER_APPICON_NAME = AppIcon;
				ASSETCATALOG_COMPILER_GLOBAL_ACCENT_COLOR_NAME = AccentColor;
				CODE_SIGN_STYLE = Automatic;
				INFOPLIST_FILE = WeatherTask_GizaSys/Info.plist;
				LD_RUNPATH_SEARCH_PATHS = (
					"$(inherited)",
					"@executable_path/Frameworks",
				);
				PRODUCT_BUNDLE_IDENTIFIER = "mosaber7.WeatherTask-GizaSys";
				PRODUCT_NAME = "$(TARGET_NAME)";
				SWIFT_VERSION = 5.0;
				TARGETED_DEVICE_FAMILY = "1,2";
			};
			name = Release;
		};
		05D31F5926E825710052B59B /* Debug */ = {
			isa = XCBuildConfiguration;
			buildSettings = {
				BUNDLE_LOADER = "$(TEST_HOST)";
				CODE_SIGN_STYLE = Automatic;
				INFOPLIST_FILE = WeatherTask_GizaSysTests/Info.plist;
				LD_RUNPATH_SEARCH_PATHS = (
					"$(inherited)",
					"@executable_path/Frameworks",
					"@loader_path/Frameworks",
				);
				PRODUCT_BUNDLE_IDENTIFIER = "mosaber7.WeatherTask-GizaSysTests";
				PRODUCT_NAME = "$(TARGET_NAME)";
				SWIFT_VERSION = 5.0;
				TARGETED_DEVICE_FAMILY = "1,2";
				TEST_HOST = "$(BUILT_PRODUCTS_DIR)/WeatherTask_GizaSys.app/WeatherTask_GizaSys";
			};
			name = Debug;
		};
		05D31F5A26E825710052B59B /* Release */ = {
			isa = XCBuildConfiguration;
			buildSettings = {
				BUNDLE_LOADER = "$(TEST_HOST)";
				CODE_SIGN_STYLE = Automatic;
				INFOPLIST_FILE = WeatherTask_GizaSysTests/Info.plist;
				LD_RUNPATH_SEARCH_PATHS = (
					"$(inherited)",
					"@executable_path/Frameworks",
					"@loader_path/Frameworks",
				);
				PRODUCT_BUNDLE_IDENTIFIER = "mosaber7.WeatherTask-GizaSysTests";
				PRODUCT_NAME = "$(TARGET_NAME)";
				SWIFT_VERSION = 5.0;
				TARGETED_DEVICE_FAMILY = "1,2";
				TEST_HOST = "$(BUILT_PRODUCTS_DIR)/WeatherTask_GizaSys.app/WeatherTask_GizaSys";
			};
			name = Release;
		};
/* End XCBuildConfiguration section */

/* Begin XCConfigurationList section */
		0599A05626DFF8480006E48B /* Build configuration list for PBXProject "WeatherTask_GizaSys" */ = {
			isa = XCConfigurationList;
			buildConfigurations = (
				0599A07026DFF8490006E48B /* Debug */,
				0599A07126DFF8490006E48B /* Release */,
			);
			defaultConfigurationIsVisible = 0;
			defaultConfigurationName = Release;
		};
		0599A07226DFF8490006E48B /* Build configuration list for PBXNativeTarget "WeatherTask_GizaSys" */ = {
			isa = XCConfigurationList;
			buildConfigurations = (
				0599A07326DFF8490006E48B /* Debug */,
				0599A07426DFF8490006E48B /* Release */,
			);
			defaultConfigurationIsVisible = 0;
			defaultConfigurationName = Release;
		};
		05D31F5B26E825710052B59B /* Build configuration list for PBXNativeTarget "WeatherTask_GizaSysTests" */ = {
			isa = XCConfigurationList;
			buildConfigurations = (
				05D31F5926E825710052B59B /* Debug */,
				05D31F5A26E825710052B59B /* Release */,
			);
			defaultConfigurationIsVisible = 0;
			defaultConfigurationName = Release;
		};
/* End XCConfigurationList section */

/* Begin XCVersionGroup section */
		0599A06726DFF8480006E48B /* WeatherTask_GizaSys.xcdatamodeld */ = {
			isa = XCVersionGroup;
			children = (
				0599A06826DFF8480006E48B /* WeatherTask_GizaSys.xcdatamodel */,
			);
			currentVersion = 0599A06826DFF8480006E48B /* WeatherTask_GizaSys.xcdatamodel */;
			path = WeatherTask_GizaSys.xcdatamodeld;
			sourceTree = "<group>";
			versionGroupType = wrapper.xcdatamodel;
		};
/* End XCVersionGroup section */
	};
	rootObject = 0599A05326DFF8480006E48B /* Project object */;
}
